// !$*UTF8*$!
{
	archiveVersion = 1;
	classes = {
	};
	objectVersion = 55;
	objects = {

/* Begin PBXBuildFile section */
		205A26F82922238400F0867E /* AppDelegate.swift in Sources */ = {isa = PBXBuildFile; fileRef = 205A26F72922238400F0867E /* AppDelegate.swift */; };
		205A26FC2922238400F0867E /* ViewController.swift in Sources */ = {isa = PBXBuildFile; fileRef = 205A26FB2922238400F0867E /* ViewController.swift */; };
		205A26FF2922238400F0867E /* Main.storyboard in Resources */ = {isa = PBXBuildFile; fileRef = 205A26FD2922238400F0867E /* Main.storyboard */; };
		205A27012922238900F0867E /* Assets.xcassets in Resources */ = {isa = PBXBuildFile; fileRef = 205A27002922238900F0867E /* Assets.xcassets */; };
		205A27042922238900F0867E /* LaunchScreen.storyboard in Resources */ = {isa = PBXBuildFile; fileRef = 205A27022922238900F0867E /* LaunchScreen.storyboard */; };
		205A27192922238900F0867E /* ATMUITests.swift in Sources */ = {isa = PBXBuildFile; fileRef = 205A27182922238900F0867E /* ATMUITests.swift */; };
		205A271B2922238900F0867E /* ATMUITestsLaunchTests.swift in Sources */ = {isa = PBXBuildFile; fileRef = 205A271A2922238900F0867E /* ATMUITestsLaunchTests.swift */; };
		205A27282922288E00F0867E /* NetService.swift in Sources */ = {isa = PBXBuildFile; fileRef = 205A27272922288E00F0867E /* NetService.swift */; };
		205A272A29223D0400F0867E /* RateInterestCalculator.swift in Sources */ = {isa = PBXBuildFile; fileRef = 205A272929223D0400F0867E /* RateInterestCalculator.swift */; };
		205A272C2922411800F0867E /* Repository.swift in Sources */ = {isa = PBXBuildFile; fileRef = 205A272B2922411800F0867E /* Repository.swift */; };
		207E64EE292279A9006A246A /* RepositoryTests.swift in Sources */ = {isa = PBXBuildFile; fileRef = 207E64ED292279A9006A246A /* RepositoryTests.swift */; };
/* End PBXBuildFile section */

/* Begin PBXContainerItemProxy section */
		205A270B2922238900F0867E /* PBXContainerItemProxy */ = {
			isa = PBXContainerItemProxy;
			containerPortal = 205A26EC2922238400F0867E /* Project object */;
			proxyType = 1;
			remoteGlobalIDString = 205A26F32922238400F0867E;
			remoteInfo = ATM;
		};
		205A27152922238900F0867E /* PBXContainerItemProxy */ = {
			isa = PBXContainerItemProxy;
			containerPortal = 205A26EC2922238400F0867E /* Project object */;
			proxyType = 1;
			remoteGlobalIDString = 205A26F32922238400F0867E;
			remoteInfo = ATM;
		};
/* End PBXContainerItemProxy section */

/* Begin PBXFileReference section */
		205A26F42922238400F0867E /* ATM.app */ = {isa = PBXFileReference; explicitFileType = wrapper.application; includeInIndex = 0; path = ATM.app; sourceTree = BUILT_PRODUCTS_DIR; };
		205A26F72922238400F0867E /* AppDelegate.swift */ = {isa = PBXFileReference; lastKnownFileType = sourcecode.swift; path = AppDelegate.swift; sourceTree = "<group>"; };
		205A26FB2922238400F0867E /* ViewController.swift */ = {isa = PBXFileReference; lastKnownFileType = sourcecode.swift; path = ViewController.swift; sourceTree = "<group>"; };
		205A26FE2922238400F0867E /* Base */ = {isa = PBXFileReference; lastKnownFileType = file.storyboard; name = Base; path = Base.lproj/Main.storyboard; sourceTree = "<group>"; };
		205A27002922238900F0867E /* Assets.xcassets */ = {isa = PBXFileReference; lastKnownFileType = folder.assetcatalog; path = Assets.xcassets; sourceTree = "<group>"; };
		205A27032922238900F0867E /* Base */ = {isa = PBXFileReference; lastKnownFileType = file.storyboard; name = Base; path = Base.lproj/LaunchScreen.storyboard; sourceTree = "<group>"; };
		205A27052922238900F0867E /* Info.plist */ = {isa = PBXFileReference; lastKnownFileType = text.plist.xml; path = Info.plist; sourceTree = "<group>"; };
		205A270A2922238900F0867E /* ATMTests.xctest */ = {isa = PBXFileReference; explicitFileType = wrapper.cfbundle; includeInIndex = 0; path = ATMTests.xctest; sourceTree = BUILT_PRODUCTS_DIR; };
		205A27142922238900F0867E /* ATMUITests.xctest */ = {isa = PBXFileReference; explicitFileType = wrapper.cfbundle; includeInIndex = 0; path = ATMUITests.xctest; sourceTree = BUILT_PRODUCTS_DIR; };
		205A27182922238900F0867E /* ATMUITests.swift */ = {isa = PBXFileReference; lastKnownFileType = sourcecode.swift; path = ATMUITests.swift; sourceTree = "<group>"; };
		205A271A2922238900F0867E /* ATMUITestsLaunchTests.swift */ = {isa = PBXFileReference; lastKnownFileType = sourcecode.swift; path = ATMUITestsLaunchTests.swift; sourceTree = "<group>"; };
		205A27272922288E00F0867E /* NetService.swift */ = {isa = PBXFileReference; lastKnownFileType = sourcecode.swift; path = NetService.swift; sourceTree = "<group>"; };
		205A272929223D0400F0867E /* RateInterestCalculator.swift */ = {isa = PBXFileReference; lastKnownFileType = sourcecode.swift; path = RateInterestCalculator.swift; sourceTree = "<group>"; };
		205A272B2922411800F0867E /* Repository.swift */ = {isa = PBXFileReference; lastKnownFileType = sourcecode.swift; path = Repository.swift; sourceTree = "<group>"; };
		207E64ED292279A9006A246A /* RepositoryTests.swift */ = {isa = PBXFileReference; lastKnownFileType = sourcecode.swift; path = RepositoryTests.swift; sourceTree = "<group>"; };
/* End PBXFileReference section */

/* Begin PBXFrameworksBuildPhase section */
		205A26F12922238400F0867E /* Frameworks */ = {
			isa = PBXFrameworksBuildPhase;
			buildActionMask = 2147483647;
			files = (
			);
			runOnlyForDeploymentPostprocessing = 0;
		};
		205A27072922238900F0867E /* Frameworks */ = {
			isa = PBXFrameworksBuildPhase;
			buildActionMask = 2147483647;
			files = (
			);
			runOnlyForDeploymentPostprocessing = 0;
		};
		205A27112922238900F0867E /* Frameworks */ = {
			isa = PBXFrameworksBuildPhase;
			buildActionMask = 2147483647;
			files = (
			);
			runOnlyForDeploymentPostprocessing = 0;
		};
/* End PBXFrameworksBuildPhase section */

/* Begin PBXGroup section */
		205A26EB2922238400F0867E = {
			isa = PBXGroup;
			children = (
				205A26F62922238400F0867E /* ATM */,
				205A270D2922238900F0867E /* ATMTests */,
				205A27172922238900F0867E /* ATMUITests */,
				205A26F52922238400F0867E /* Products */,
			);
			sourceTree = "<group>";
		};
		205A26F52922238400F0867E /* Products */ = {
			isa = PBXGroup;
			children = (
				205A26F42922238400F0867E /* ATM.app */,
				205A270A2922238900F0867E /* ATMTests.xctest */,
				205A27142922238900F0867E /* ATMUITests.xctest */,
			);
			name = Products;
			sourceTree = "<group>";
		};
		205A26F62922238400F0867E /* ATM */ = {
			isa = PBXGroup;
			children = (
				205A26F72922238400F0867E /* AppDelegate.swift */,
				205A26FB2922238400F0867E /* ViewController.swift */,
				205A272B2922411800F0867E /* Repository.swift */,
				205A27272922288E00F0867E /* NetService.swift */,
				205A272929223D0400F0867E /* RateInterestCalculator.swift */,
				205A26FD2922238400F0867E /* Main.storyboard */,
				205A27002922238900F0867E /* Assets.xcassets */,
				205A27022922238900F0867E /* LaunchScreen.storyboard */,
				205A27052922238900F0867E /* Info.plist */,
			);
			path = ATM;
			sourceTree = "<group>";
		};
		205A270D2922238900F0867E /* ATMTests */ = {
			isa = PBXGroup;
			children = (
				207E64ED292279A9006A246A /* RepositoryTests.swift */,
			);
			path = ATMTests;
			sourceTree = "<group>";
		};
		205A27172922238900F0867E /* ATMUITests */ = {
			isa = PBXGroup;
			children = (
				205A27182922238900F0867E /* ATMUITests.swift */,
				205A271A2922238900F0867E /* ATMUITestsLaunchTests.swift */,
			);
			path = ATMUITests;
			sourceTree = "<group>";
		};
/* End PBXGroup section */

/* Begin PBXNativeTarget section */
		205A26F32922238400F0867E /* ATM */ = {
			isa = PBXNativeTarget;
			buildConfigurationList = 205A271E2922238900F0867E /* Build configuration list for PBXNativeTarget "ATM" */;
			buildPhases = (
				205A26F02922238400F0867E /* Sources */,
				205A26F12922238400F0867E /* Frameworks */,
				205A26F22922238400F0867E /* Resources */,
			);
			buildRules = (
			);
			dependencies = (
			);
			name = ATM;
			productName = ATM;
			productReference = 205A26F42922238400F0867E /* ATM.app */;
			productType = "com.apple.product-type.application";
		};
		205A27092922238900F0867E /* ATMTests */ = {
			isa = PBXNativeTarget;
			buildConfigurationList = 205A27212922238900F0867E /* Build configuration list for PBXNativeTarget "ATMTests" */;
			buildPhases = (
				205A27062922238900F0867E /* Sources */,
				205A27072922238900F0867E /* Frameworks */,
				205A27082922238900F0867E /* Resources */,
			);
			buildRules = (
			);
			dependencies = (
				205A270C2922238900F0867E /* PBXTargetDependency */,
			);
			name = ATMTests;
			productName = ATMTests;
			productReference = 205A270A2922238900F0867E /* ATMTests.xctest */;
			productType = "com.apple.product-type.bundle.unit-test";
		};
		205A27132922238900F0867E /* ATMUITests */ = {
			isa = PBXNativeTarget;
			buildConfigurationList = 205A27242922238900F0867E /* Build configuration list for PBXNativeTarget "ATMUITests" */;
			buildPhases = (
				205A27102922238900F0867E /* Sources */,
				205A27112922238900F0867E /* Frameworks */,
				205A27122922238900F0867E /* Resources */,
			);
			buildRules = (
			);
			dependencies = (
				205A27162922238900F0867E /* PBXTargetDependency */,
			);
			name = ATMUITests;
			productName = ATMUITests;
			productReference = 205A27142922238900F0867E /* ATMUITests.xctest */;
			productType = "com.apple.product-type.bundle.ui-testing";
		};
/* End PBXNativeTarget section */

/* Begin PBXProject section */
		205A26EC2922238400F0867E /* Project object */ = {
			isa = PBXProject;
			attributes = {
				BuildIndependentTargetsInParallel = 1;
				LastSwiftUpdateCheck = 1340;
				LastUpgradeCheck = 1340;
				TargetAttributes = {
					205A26F32922238400F0867E = {
						CreatedOnToolsVersion = 13.4.1;
					};
					205A27092922238900F0867E = {
						CreatedOnToolsVersion = 13.4.1;
						TestTargetID = 205A26F32922238400F0867E;
					};
					205A27132922238900F0867E = {
						CreatedOnToolsVersion = 13.4.1;
						TestTargetID = 205A26F32922238400F0867E;
					};
				};
			};
			buildConfigurationList = 205A26EF2922238400F0867E /* Build configuration list for PBXProject "ATM" */;
			compatibilityVersion = "Xcode 13.0";
			developmentRegion = en;
			hasScannedForEncodings = 0;
			knownRegions = (
				en,
				Base,
			);
			mainGroup = 205A26EB2922238400F0867E;
			productRefGroup = 205A26F52922238400F0867E /* Products */;
			projectDirPath = "";
			projectRoot = "";
			targets = (
				205A26F32922238400F0867E /* ATM */,
				205A27092922238900F0867E /* ATMTests */,
				205A27132922238900F0867E /* ATMUITests */,
			);
		};
/* End PBXProject section */

/* Begin PBXResourcesBuildPhase section */
		205A26F22922238400F0867E /* Resources */ = {
			isa = PBXResourcesBuildPhase;
			buildActionMask = 2147483647;
			files = (
				205A27042922238900F0867E /* LaunchScreen.storyboard in Resources */,
				205A27012922238900F0867E /* Assets.xcassets in Resources */,
				205A26FF2922238400F0867E /* Main.storyboard in Resources */,
			);
			runOnlyForDeploymentPostprocessing = 0;
		};
		205A27082922238900F0867E /* Resources */ = {
			isa = PBXResourcesBuildPhase;
			buildActionMask = 2147483647;
			files = (
			);
			runOnlyForDeploymentPostprocessing = 0;
		};
		205A27122922238900F0867E /* Resources */ = {
			isa = PBXResourcesBuildPhase;
			buildActionMask = 2147483647;
			files = (
			);
			runOnlyForDeploymentPostprocessing = 0;
		};
/* End PBXResourcesBuildPhase section */

/* Begin PBXSourcesBuildPhase section */
		205A26F02922238400F0867E /* Sources */ = {
			isa = PBXSourcesBuildPhase;
			buildActionMask = 2147483647;
			files = (
				205A26FC2922238400F0867E /* ViewController.swift in Sources */,
				205A26F82922238400F0867E /* AppDelegate.swift in Sources */,
				205A272C2922411800F0867E /* Repository.swift in Sources */,
				205A27282922288E00F0867E /* NetService.swift in Sources */,
				205A272A29223D0400F0867E /* RateInterestCalculator.swift in Sources */,
			);
			runOnlyForDeploymentPostprocessing = 0;
		};
		205A27062922238900F0867E /* Sources */ = {
			isa = PBXSourcesBuildPhase;
			buildActionMask = 2147483647;
			files = (
				207E64EE292279A9006A246A /* RepositoryTests.swift in Sources */,
			);
			runOnlyForDeploymentPostprocessing = 0;
		};
		205A27102922238900F0867E /* Sources */ = {
			isa = PBXSourcesBuildPhase;
			buildActionMask = 2147483647;
			files = (
				205A27192922238900F0867E /* ATMUITests.swift in Sources */,
				205A271B2922238900F0867E /* ATMUITestsLaunchTests.swift in Sources */,
			);
			runOnlyForDeploymentPostprocessing = 0;
		};
/* End PBXSourcesBuildPhase section */

/* Begin PBXTargetDependency section */
		205A270C2922238900F0867E /* PBXTargetDependency */ = {
			isa = PBXTargetDependency;
			target = 205A26F32922238400F0867E /* ATM */;
			targetProxy = 205A270B2922238900F0867E /* PBXContainerItemProxy */;
		};
		205A27162922238900F0867E /* PBXTargetDependency */ = {
			isa = PBXTargetDependency;
			target = 205A26F32922238400F0867E /* ATM */;
			targetProxy = 205A27152922238900F0867E /* PBXContainerItemProxy */;
		};
/* End PBXTargetDependency section */

/* Begin PBXVariantGroup section */
		205A26FD2922238400F0867E /* Main.storyboard */ = {
			isa = PBXVariantGroup;
			children = (
				205A26FE2922238400F0867E /* Base */,
			);
			name = Main.storyboard;
			sourceTree = "<group>";
		};
		205A27022922238900F0867E /* LaunchScreen.storyboard */ = {
			isa = PBXVariantGroup;
			children = (
				205A27032922238900F0867E /* Base */,
			);
			name = LaunchScreen.storyboard;
			sourceTree = "<group>";
		};
/* End PBXVariantGroup section */

/* Begin XCBuildConfiguration section */
		205A271C2922238900F0867E /* Debug */ = {
			isa = XCBuildConfiguration;
			buildSettings = {
				ALWAYS_SEARCH_USER_PATHS = NO;
				CLANG_ANALYZER_NONNULL = YES;
				CLANG_ANALYZER_NUMBER_OBJECT_CONVERSION = YES_AGGRESSIVE;
				CLANG_CXX_LANGUAGE_STANDARD = "gnu++17";
				CLANG_ENABLE_MODULES = YES;
				CLANG_ENABLE_OBJC_ARC = YES;
				CLANG_ENABLE_OBJC_WEAK = YES;
				CLANG_WARN_BLOCK_CAPTURE_AUTORELEASING = YES;
				CLANG_WARN_BOOL_CONVERSION = YES;
				CLANG_WARN_COMMA = YES;
				CLANG_WARN_CONSTANT_CONVERSION = YES;
				CLANG_WARN_DEPRECATED_OBJC_IMPLEMENTATIONS = YES;
				CLANG_WARN_DIRECT_OBJC_ISA_USAGE = YES_ERROR;
				CLANG_WARN_DOCUMENTATION_COMMENTS = YES;
				CLANG_WARN_EMPTY_BODY = YES;
				CLANG_WARN_ENUM_CONVERSION = YES;
				CLANG_WARN_INFINITE_RECURSION = YES;
				CLANG_WARN_INT_CONVERSION = YES;
				CLANG_WARN_NON_LITERAL_NULL_CONVERSION = YES;
				CLANG_WARN_OBJC_IMPLICIT_RETAIN_SELF = YES;
				CLANG_WARN_OBJC_LITERAL_CONVERSION = YES;
				CLANG_WARN_OBJC_ROOT_CLASS = YES_ERROR;
				CLANG_WARN_QUOTED_INCLUDE_IN_FRAMEWORK_HEADER = YES;
				CLANG_WARN_RANGE_LOOP_ANALYSIS = YES;
				CLANG_WARN_STRICT_PROTOTYPES = YES;
				CLANG_WARN_SUSPICIOUS_MOVE = YES;
				CLANG_WARN_UNGUARDED_AVAILABILITY = YES_AGGRESSIVE;
				CLANG_WARN_UNREACHABLE_CODE = YES;
				CLANG_WARN__DUPLICATE_METHOD_MATCH = YES;
				COPY_PHASE_STRIP = NO;
				DEBUG_INFORMATION_FORMAT = dwarf;
				ENABLE_STRICT_OBJC_MSGSEND = YES;
				ENABLE_TESTABILITY = YES;
				GCC_C_LANGUAGE_STANDARD = gnu11;
				GCC_DYNAMIC_NO_PIC = NO;
				GCC_NO_COMMON_BLOCKS = YES;
				GCC_OPTIMIZATION_LEVEL = 0;
				GCC_PREPROCESSOR_DEFINITIONS = (
					"DEBUG=1",
					"$(inherited)",
				);
				GCC_WARN_64_TO_32_BIT_CONVERSION = YES;
				GCC_WARN_ABOUT_RETURN_TYPE = YES_ERROR;
				GCC_WARN_UNDECLARED_SELECTOR = YES;
				GCC_WARN_UNINITIALIZED_AUTOS = YES_AGGRESSIVE;
				GCC_WARN_UNUSED_FUNCTION = YES;
				GCC_WARN_UNUSED_VARIABLE = YES;
				IPHONEOS_DEPLOYMENT_TARGET = 13.0;
				MTL_ENABLE_DEBUG_INFO = INCLUDE_SOURCE;
				MTL_FAST_MATH = YES;
				ONLY_ACTIVE_ARCH = YES;
				SDKROOT = iphoneos;
				SWIFT_ACTIVE_COMPILATION_CONDITIONS = DEBUG;
				SWIFT_OPTIMIZATION_LEVEL = "-Onone";
			};
			name = Debug;
		};
		205A271D2922238900F0867E /* Release */ = {
			isa = XCBuildConfiguration;
			buildSettings = {
				ALWAYS_SEARCH_USER_PATHS = NO;
				CLANG_ANALYZER_NONNULL = YES;
				CLANG_ANALYZER_NUMBER_OBJECT_CONVERSION = YES_AGGRESSIVE;
				CLANG_CXX_LANGUAGE_STANDARD = "gnu++17";
				CLANG_ENABLE_MODULES = YES;
				CLANG_ENABLE_OBJC_ARC = YES;
				CLANG_ENABLE_OBJC_WEAK = YES;
				CLANG_WARN_BLOCK_CAPTURE_AUTORELEASING = YES;
				CLANG_WARN_BOOL_CONVERSION = YES;
				CLANG_WARN_COMMA = YES;
				CLANG_WARN_CONSTANT_CONVERSION = YES;
				CLANG_WARN_DEPRECATED_OBJC_IMPLEMENTATIONS = YES;
				CLANG_WARN_DIRECT_OBJC_ISA_USAGE = YES_ERROR;
				CLANG_WARN_DOCUMENTATION_COMMENTS = YES;
				CLANG_WARN_EMPTY_BODY = YES;
				CLANG_WARN_ENUM_CONVERSION = YES;
				CLANG_WARN_INFINITE_RECURSION = YES;
				CLANG_WARN_INT_CONVERSION = YES;
				CLANG_WARN_NON_LITERAL_NULL_CONVERSION = YES;
				CLANG_WARN_OBJC_IMPLICIT_RETAIN_SELF = YES;
				CLANG_WARN_OBJC_LITERAL_CONVERSION = YES;
				CLANG_WARN_OBJC_ROOT_CLASS = YES_ERROR;
				CLANG_WARN_QUOTED_INCLUDE_IN_FRAMEWORK_HEADER = YES;
				CLANG_WARN_RANGE_LOOP_ANALYSIS = YES;
				CLANG_WARN_STRICT_PROTOTYPES = YES;
				CLANG_WARN_SUSPICIOUS_MOVE = YES;
				CLANG_WARN_UNGUARDED_AVAILABILITY = YES_AGGRESSIVE;
				CLANG_WARN_UNREACHABLE_CODE = YES;
				CLANG_WARN__DUPLICATE_METHOD_MATCH = YES;
				COPY_PHASE_STRIP = NO;
				DEBUG_INFORMATION_FORMAT = "dwarf-with-dsym";
				ENABLE_NS_ASSERTIONS = NO;
				ENABLE_STRICT_OBJC_MSGSEND = YES;
				GCC_C_LANGUAGE_STANDARD = gnu11;
				GCC_NO_COMMON_BLOCKS = YES;
				GCC_WARN_64_TO_32_BIT_CONVERSION = YES;
				GCC_WARN_ABOUT_RETURN_TYPE = YES_ERROR;
				GCC_WARN_UNDECLARED_SELECTOR = YES;
				GCC_WARN_UNINITIALIZED_AUTOS = YES_AGGRESSIVE;
				GCC_WARN_UNUSED_FUNCTION = YES;
				GCC_WARN_UNUSED_VARIABLE = YES;
				IPHONEOS_DEPLOYMENT_TARGET = 13.0;
				MTL_ENABLE_DEBUG_INFO = NO;
				MTL_FAST_MATH = YES;
				SDKROOT = iphoneos;
				SWIFT_COMPILATION_MODE = wholemodule;
				SWIFT_OPTIMIZATION_LEVEL = "-O";
				VALIDATE_PRODUCT = YES;
			};
			name = Release;
		};
		205A271F2922238900F0867E /* Debug */ = {
			isa = XCBuildConfiguration;
			buildSettings = {
				ASSETCATALOG_COMPILER_APPICON_NAME = AppIcon;
				ASSETCATALOG_COMPILER_GLOBAL_ACCENT_COLOR_NAME = AccentColor;
				CODE_SIGN_STYLE = Automatic;
				CURRENT_PROJECT_VERSION = 1;
				GENERATE_INFOPLIST_FILE = YES;
				INFOPLIST_FILE = ATM/Info.plist;
				INFOPLIST_KEY_UIApplicationSupportsIndirectInputEvents = YES;
				INFOPLIST_KEY_UILaunchStoryboardName = LaunchScreen;
				INFOPLIST_KEY_UIMainStoryboardFile = Main;
				INFOPLIST_KEY_UISupportedInterfaceOrientations_iPad = "UIInterfaceOrientationPortrait UIInterfaceOrientationPortraitUpsideDown UIInterfaceOrientationLandscapeLeft UIInterfaceOrientationLandscapeRight";
				INFOPLIST_KEY_UISupportedInterfaceOrientations_iPhone = "UIInterfaceOrientationPortrait UIInterfaceOrientationLandscapeLeft UIInterfaceOrientationLandscapeRight";
				LD_RUNPATH_SEARCH_PATHS = (
					"$(inherited)",
					"@executable_path/Frameworks",
				);
				MARKETING_VERSION = 1.0;
				PRODUCT_BUNDLE_IDENTIFIER = daisaev.ATM;
				PRODUCT_NAME = "$(TARGET_NAME)";
				SWIFT_EMIT_LOC_STRINGS = YES;
				SWIFT_VERSION = 5.0;
				TARGETED_DEVICE_FAMILY = "1,2";
			};
			name = Debug;
		};
		205A27202922238900F0867E /* Release */ = {
			isa = XCBuildConfiguration;
			buildSettings = {
				ASSETCATALOG_COMPILER_APPICON_NAME = AppIcon;
				ASSETCATALOG_COMPILER_GLOBAL_ACCENT_COLOR_NAME = AccentColor;
				CODE_SIGN_STYLE = Automatic;
				CURRENT_PROJECT_VERSION = 1;
				GENERATE_INFOPLIST_FILE = YES;
				INFOPLIST_FILE = ATM/Info.plist;
				INFOPLIST_KEY_UIApplicationSupportsIndirectInputEvents = YES;
				INFOPLIST_KEY_UILaunchStoryboardName = LaunchScreen;
				INFOPLIST_KEY_UIMainStoryboardFile = Main;
				INFOPLIST_KEY_UISupportedInterfaceOrientations_iPad = "UIInterfaceOrientationPortrait UIInterfaceOrientationPortraitUpsideDown UIInterfaceOrientationLandscapeLeft UIInterfaceOrientationLandscapeRight";
				INFOPLIST_KEY_UISupportedInterfaceOrientations_iPhone = "UIInterfaceOrientationPortrait UIInterfaceOrientationLandscapeLeft UIInterfaceOrientationLandscapeRight";
				LD_RUNPATH_SEARCH_PATHS = (
					"$(inherited)",
					"@executable_path/Frameworks",
				);
				MARKETING_VERSION = 1.0;
				PRODUCT_BUNDLE_IDENTIFIER = daisaev.ATM;
				PRODUCT_NAME = "$(TARGET_NAME)";
				SWIFT_EMIT_LOC_STRINGS = YES;
				SWIFT_VERSION = 5.0;
				TARGETED_DEVICE_FAMILY = "1,2";
			};
			name = Release;
		};
		205A27222922238900F0867E /* Debug */ = {
			isa = XCBuildConfiguration;
			buildSettings = {
				ALWAYS_EMBED_SWIFT_STANDARD_LIBRARIES = YES;
				BUNDLE_LOADER = "$(TEST_HOST)";
				CODE_SIGN_STYLE = Automatic;
				CURRENT_PROJECT_VERSION = 1;
				GENERATE_INFOPLIST_FILE = YES;
				IPHONEOS_DEPLOYMENT_TARGET = 15.5;
				MARKETING_VERSION = 1.0;
				PRODUCT_BUNDLE_IDENTIFIER = daisaev.ATMTests;
				PRODUCT_NAME = "$(TARGET_NAME)";
				SWIFT_EMIT_LOC_STRINGS = NO;
				SWIFT_VERSION = 5.0;
				TARGETED_DEVICE_FAMILY = "1,2";
				TEST_HOST = "$(BUILT_PRODUCTS_DIR)/ATM.app/ATM";
			};
			name = Debug;
		};
		205A27232922238900F0867E /* Release */ = {
			isa = XCBuildConfiguration;
			buildSettings = {
				ALWAYS_EMBED_SWIFT_STANDARD_LIBRARIES = YES;
				BUNDLE_LOADER = "$(TEST_HOST)";
				CODE_SIGN_STYLE = Automatic;
				CURRENT_PROJECT_VERSION = 1;
				GENERATE_INFOPLIST_FILE = YES;
				IPHONEOS_DEPLOYMENT_TARGET = 15.5;
				MARKETING_VERSION = 1.0;
				PRODUCT_BUNDLE_IDENTIFIER = daisaev.ATMTests;
				PRODUCT_NAME = "$(TARGET_NAME)";
				SWIFT_EMIT_LOC_STRINGS = NO;
				SWIFT_VERSION = 5.0;
				TARGETED_DEVICE_FAMILY = "1,2";
				TEST_HOST = "$(BUILT_PRODUCTS_DIR)/ATM.app/ATM";
			};
			name = Release;
		};
		205A27252922238900F0867E /* Debug */ = {
			isa = XCBuildConfiguration;
			buildSettings = {
				ALWAYS_EMBED_SWIFT_STANDARD_LIBRARIES = YES;
				CODE_SIGN_STYLE = Automatic;
				CURRENT_PROJECT_VERSION = 1;
				GENERATE_INFOPLIST_FILE = YES;
				MARKETING_VERSION = 1.0;
				PRODUCT_BUNDLE_IDENTIFIER = daisaev.ATMUITests;
				PRODUCT_NAME = "$(TARGET_NAME)";
				SWIFT_EMIT_LOC_STRINGS = NO;
				SWIFT_VERSION = 5.0;
				TARGETED_DEVICE_FAMILY = "1,2";
				TEST_TARGET_NAME = ATM;
			};
			name = Debug;
		};
		205A27262922238900F0867E /* Release */ = {
			isa = XCBuildConfiguration;
			buildSettings = {
				ALWAYS_EMBED_SWIFT_STANDARD_LIBRARIES = YES;
				CODE_SIGN_STYLE = Automatic;
				CURRENT_PROJECT_VERSION = 1;
				GENERATE_INFOPLIST_FILE = YES;
				MARKETING_VERSION = 1.0;
				PRODUCT_BUNDLE_IDENTIFIER = daisaev.ATMUITests;
				PRODUCT_NAME = "$(TARGET_NAME)";
				SWIFT_EMIT_LOC_STRINGS = NO;
				SWIFT_VERSION = 5.0;
				TARGETED_DEVICE_FAMILY = "1,2";
				TEST_TARGET_NAME = ATM;
			};
			name = Release;
		};
/* End XCBuildConfiguration section */

/* Begin XCConfigurationList section */
		205A26EF2922238400F0867E /* Build configuration list for PBXProject "ATM" */ = {
			isa = XCConfigurationList;
			buildConfigurations = (
				205A271C2922238900F0867E /* Debug */,
				205A271D2922238900F0867E /* Release */,
			);
			defaultConfigurationIsVisible = 0;
			defaultConfigurationName = Release;
		};
		205A271E2922238900F0867E /* Build configuration list for PBXNativeTarget "ATM" */ = {
			isa = XCConfigurationList;
			buildConfigurations = (
				205A271F2922238900F0867E /* Debug */,
				205A27202922238900F0867E /* Release */,
			);
			defaultConfigurationIsVisible = 0;
			defaultConfigurationName = Release;
		};
		205A27212922238900F0867E /* Build configuration list for PBXNativeTarget "ATMTests" */ = {
			isa = XCConfigurationList;
			buildConfigurations = (
				205A27222922238900F0867E /* Debug */,
				205A27232922238900F0867E /* Release */,
			);
			defaultConfigurationIsVisible = 0;
			defaultConfigurationName = Release;
		};
		205A27242922238900F0867E /* Build configuration list for PBXNativeTarget "ATMUITests" */ = {
			isa = XCConfigurationList;
			buildConfigurations = (
				205A27252922238900F0867E /* Debug */,
				205A27262922238900F0867E /* Release */,
			);
			defaultConfigurationIsVisible = 0;
			defaultConfigurationName = Release;
		};
/* End XCConfigurationList section */
	};
	rootObject = 205A26EC2922238400F0867E /* Project object */;
}
